
Microsoft Visual Studio Solution File, Format Version 12.00
# Visual Studio Version 17
VisualStudioVersion = 17.0.32014.148
MinimumVisualStudioVersion = 10.0.40219.1
Project("{FAE04EC0-301F-11D3-BF4B-00C04F79EFBC}") = "CityLibraryManagement", "CityLibraryManagement.csproj", "{542C879A-7A36-4AC4-A479-335C7D0B7E32}"
EndProject
Global
	GlobalSection(SolutionConfigurationPlatforms) = preSolution
		Debug|Any CPU = Debug|Any CPU
		Release|Any CPU = Release|Any CPU
	EndGlobalSection
	GlobalSection(ProjectConfigurationPlatforms) = postSolution
		{542C879A-7A36-4AC4-A479-335C7D0B7E32}.Debug|Any CPU.ActiveCfg = Debug|Any CPU
		{542C879A-7A36-4AC4-A479-335C7D0B7E32}.Debug|Any CPU.Build.0 = Debug|Any CPU
		{542C879A-7A36-4AC4-A479-335C7D0B7E32}.Release|Any CPU.ActiveCfg = Release|Any CPU
		{542C879A-7A36-4AC4-A479-335C7D0B7E32}.Release|Any CPU.Build.0 = Release|Any CPU
	EndGlobalSection
	GlobalSection(SolutionProperties) = preSolution
		HideSolutionNode = FALSE
	EndGlobalSection
	GlobalSection(ExtensibilityGlobals) = postSolution
		SolutionGuid = {87519556-7502-4961-8B89-6AF643B2EFA3}
	EndGlobalSection
EndGlobal
